
Microsoft Visual Studio Solution File, Format Version 12.00
# Visual Studio Version 17
VisualStudioVersion = 17.0.31903.59
MinimumVisualStudioVersion = 10.0.40219.1
Project("{FAE04EC0-301F-11D3-BF4B-00C04F79EFBC}") = "Pinicola.Build", "Pinicola.Build\Pinicola.Build.fsproj", "{FDAE5399-41D2-48B3-AA66-6907973887EE}"
EndProject
Project("{F2A71F9B-5D33-465A-A702-920D77279786}") = "Pinicola.FSharp", "Pinicola.FSharp\Pinicola.FSharp.fsproj", "{0C299B90-B270-4DAA-AB7A-517E25DC5E05}"
EndProject
Project("{F2A71F9B-5D33-465A-A702-920D77279786}") = "Pinicola.FSharp.Tests", "Pinicola.FSharp.Tests\Pinicola.FSharp.Tests.fsproj", "{66F1D397-3EE7-4026-8227-764E68B220E9}"
EndProject
Project("{2150E333-8FDC-42A3-9474-1A3956D46DE8}") = ".build", ".build", "{0F139206-F819-4CA3-98E7-1A950E6DF147}"
	ProjectSection(SolutionItems) = preProject
		.editorconfig = .editorconfig
		.gitignore = .gitignore
		paket.dependencies = paket.dependencies
		paket.lock = paket.lock
		README.md = README.md
		build.cmd = build.cmd
	EndProjectSection
EndProject
Project("{F2A71F9B-5D33-465A-A702-920D77279786}") = "Pinicola.Build.Run", "Pinicola.Build.Run\Pinicola.Build.Run.fsproj", "{D2C8C9B7-409D-4940-80A2-ECBA0FC7F0BC}"
EndProject
Project("{F2A71F9B-5D33-465A-A702-920D77279786}") = "Pinicola.FSharp.SpectreConsole", "Pinicola.FSharp.SpectreConsole\Pinicola.FSharp.SpectreConsole.fsproj", "{C63F6FD3-B2F6-41A7-B2DE-3861302B435B}"
EndProject
Global
	GlobalSection(SolutionConfigurationPlatforms) = preSolution
		Debug|Any CPU = Debug|Any CPU
		Release|Any CPU = Release|Any CPU
	EndGlobalSection
	GlobalSection(SolutionProperties) = preSolution
		HideSolutionNode = FALSE
	EndGlobalSection
	GlobalSection(ProjectConfigurationPlatforms) = postSolution
		{0C299B90-B270-4DAA-AB7A-517E25DC5E05}.Debug|Any CPU.ActiveCfg = Debug|Any CPU
		{0C299B90-B270-4DAA-AB7A-517E25DC5E05}.Debug|Any CPU.Build.0 = Debug|Any CPU
		{0C299B90-B270-4DAA-AB7A-517E25DC5E05}.Release|Any CPU.ActiveCfg = Release|Any CPU
		{0C299B90-B270-4DAA-AB7A-517E25DC5E05}.Release|Any CPU.Build.0 = Release|Any CPU
		{66F1D397-3EE7-4026-8227-764E68B220E9}.Debug|Any CPU.ActiveCfg = Debug|Any CPU
		{66F1D397-3EE7-4026-8227-764E68B220E9}.Debug|Any CPU.Build.0 = Debug|Any CPU
		{66F1D397-3EE7-4026-8227-764E68B220E9}.Release|Any CPU.ActiveCfg = Release|Any CPU
		{66F1D397-3EE7-4026-8227-764E68B220E9}.Release|Any CPU.Build.0 = Release|Any CPU
		{FDAE5399-41D2-48B3-AA66-6907973887EE}.Debug|Any CPU.ActiveCfg = Debug|Any CPU
		{FDAE5399-41D2-48B3-AA66-6907973887EE}.Debug|Any CPU.Build.0 = Debug|Any CPU
		{FDAE5399-41D2-48B3-AA66-6907973887EE}.Release|Any CPU.ActiveCfg = Release|Any CPU
		{FDAE5399-41D2-48B3-AA66-6907973887EE}.Release|Any CPU.Build.0 = Release|Any CPU
		{D2C8C9B7-409D-4940-80A2-ECBA0FC7F0BC}.Debug|Any CPU.ActiveCfg = Debug|Any CPU
		{D2C8C9B7-409D-4940-80A2-ECBA0FC7F0BC}.Debug|Any CPU.Build.0 = Debug|Any CPU
		{D2C8C9B7-409D-4940-80A2-ECBA0FC7F0BC}.Release|Any CPU.ActiveCfg = Release|Any CPU
		{D2C8C9B7-409D-4940-80A2-ECBA0FC7F0BC}.Release|Any CPU.Build.0 = Release|Any CPU
		{C63F6FD3-B2F6-41A7-B2DE-3861302B435B}.Debug|Any CPU.ActiveCfg = Debug|Any CPU
		{C63F6FD3-B2F6-41A7-B2DE-3861302B435B}.Debug|Any CPU.Build.0 = Debug|Any CPU
		{C63F6FD3-B2F6-41A7-B2DE-3861302B435B}.Release|Any CPU.ActiveCfg = Release|Any CPU
		{C63F6FD3-B2F6-41A7-B2DE-3861302B435B}.Release|Any CPU.Build.0 = Release|Any CPU
	EndGlobalSection
	GlobalSection(NestedProjects) = preSolution
	EndGlobalSection
EndGlobal
